{
  "name": "RelayKeys",
  "lockfileVersion": 3,
  "requires": true,
  "packages": {
    "": {
      "dependencies": {
        "worldalphabets": "^0.0.35"
      }
    },
    "node_modules/worldalphabets": {
      "version": "0.0.35",
      "resolved": "https://registry.npmjs.org/worldalphabets/-/worldalphabets-0.0.35.tgz",
      "integrity": "sha512-zfbdGCw8YRDD2pHA00YxN7ajUrU13z9c708Fjdu/Ayx7N23x1aWIgTFpLJFhsV6XToAOpEqSDyVwHB3ay4bI3A==",
      "license": "MIT"
    }
  }
}
